
Microsoft Visual Studio Solution File, Format Version 12.00
# Visual Studio Version 17
VisualStudioVersion = 17.3.32929.385
MinimumVisualStudioVersion = 10.0.40219.1
Project("{FAE04EC0-301F-11D3-BF4B-00C04F79EFBC}") = "Inchiriere_Instrumente", "Inchiriere_Instrumente.csproj", "{D0042590-6144-46A7-995B-69CB5A808D47}"
EndProject
Global
	GlobalSection(SolutionConfigurationPlatforms) = preSolution
		Debug|Any CPU = Debug|Any CPU
		Release|Any CPU = Release|Any CPU
	EndGlobalSection
	GlobalSection(ProjectConfigurationPlatforms) = postSolution
		{D0042590-6144-46A7-995B-69CB5A808D47}.Debug|Any CPU.ActiveCfg = Debug|Any CPU
		{D0042590-6144-46A7-995B-69CB5A808D47}.Debug|Any CPU.Build.0 = Debug|Any CPU
		{D0042590-6144-46A7-995B-69CB5A808D47}.Release|Any CPU.ActiveCfg = Release|Any CPU
		{D0042590-6144-46A7-995B-69CB5A808D47}.Release|Any CPU.Build.0 = Release|Any CPU
	EndGlobalSection
	GlobalSection(SolutionProperties) = preSolution
		HideSolutionNode = FALSE
	EndGlobalSection
	GlobalSection(ExtensibilityGlobals) = postSolution
		SolutionGuid = {B75A78BD-2DEF-408A-84FA-34F82EB91B20}
	EndGlobalSection
EndGlobal
